PODS:
  - Alamofire (4.7.3)
  - youtube-ios-player-helper (0.1.6)

DEPENDENCIES:
  - Alamofire
  - youtube-ios-player-helper

SPEC REPOS:
  https://github.com/cocoapods/specs.git:
    - Alamofire
    - youtube-ios-player-helper

SPEC CHECKSUMS:
  Alamofire: c7287b6e5d7da964a70935e5db17046b7fde6568
  youtube-ios-player-helper: 21ab92db027c7ff86cb17a3843a3f6eafc8158d2

PODFILE CHECKSUM: c58ef5de561ca713ee0f6548cc2b6f79d0880b0b

COCOAPODS: 1.5.3
